
Microsoft Visual Studio Solution File, Format Version 12.00
# Visual Studio Version 17
VisualStudioVersion = 17.1.32407.343
MinimumVisualStudioVersion = 10.0.40219.1
Project("{FAE04EC0-301F-11D3-BF4B-00C04F79EFBC}") = "StudyProject", "StudyProject\StudyProject.csproj", "{9C3A721A-C530-4F88-AA2D-D2FA2C919B72}"
EndProject
Project("{FAE04EC0-301F-11D3-BF4B-00C04F79EFBC}") = "StudyFunctionsMethods", "StudyFunctionsMethods\StudyFunctionsMethods.csproj", "{F3088C08-2A15-4670-9F0B-344611B1A7D0}"
EndProject
Project("{FAE04EC0-301F-11D3-BF4B-00C04F79EFBC}") = "StudyClasses", "StudyClasses\StudyClasses.csproj", "{F39CE9D9-7707-42F6-81E0-F54F8CA444DB}"
EndProject
Project("{FAE04EC0-301F-11D3-BF4B-00C04F79EFBC}") = "StudyNeuron", "StudyNeuron\StudyNeuron.csproj", "{1E02F05C-7D47-4378-8788-EDDBC0B15F09}"
EndProject
Project("{FAE04EC0-301F-11D3-BF4B-00C04F79EFBC}") = "StudyPhoneNotebook", "StudyPhoneNotebook\StudyPhoneNotebook.csproj", "{7E860279-8C0A-45A4-B039-1F1E9A6B8404}"
EndProject
Project("{FAE04EC0-301F-11D3-BF4B-00C04F79EFBC}") = "StudyPolymorphism", "StudyPolymorphism\StudyPolymorphism.csproj", "{8065BACB-A768-47EA-AB7B-FA05CAEEA2DE}"
EndProject
Project("{FAE04EC0-301F-11D3-BF4B-00C04F79EFBC}") = "StudyAbstract", "StudyAbstract\StudyAbstract.csproj", "{B9DCE80C-C09A-4421-A124-369824D73E27}"
EndProject
Project("{FAE04EC0-301F-11D3-BF4B-00C04F79EFBC}") = "StudyInterfaces", "StudyInterfaces\StudyInterfaces.csproj", "{0B89E156-F98B-48D3-B36A-0B5E5AFC822C}"
EndProject
Project("{FAE04EC0-301F-11D3-BF4B-00C04F79EFBC}") = "StudyIntefaceExample", "StudyIntefaceExample\StudyIntefaceExample.csproj", "{74C4A05F-6B2F-4514-9CC6-8204168E9B24}"
EndProject
Project("{FAE04EC0-301F-11D3-BF4B-00C04F79EFBC}") = "StudyInterfacesInheritance", "StudyInterfacesInheritance\StudyInterfacesInheritance.csproj", "{87636EAA-D5D2-44E4-9AA2-2FF8E8AC573F}"
EndProject
Project("{FAE04EC0-301F-11D3-BF4B-00C04F79EFBC}") = "Ura", "Ura\Ura.csproj", "{FC40462B-DAFE-4EEC-AD29-5F754A7576BA}"
EndProject
Project("{FAE04EC0-301F-11D3-BF4B-00C04F79EFBC}") = "StudyExplicitInterface", "StudyExplicitInterface\StudyExplicitInterface.csproj", "{DDD28CFD-D0CC-486B-95A9-647D83419AA6}"
EndProject
Project("{9A19103F-16F7-4668-BE54-9A1E7A4F7556}") = "StudyInterfacesDefault", "StudyInterfacesDefault\StudyInterfacesDefault.csproj", "{0BB114DF-B599-4D1C-B9F2-5E87CE2D15A5}"
EndProject
Project("{FAE04EC0-301F-11D3-BF4B-00C04F79EFBC}") = "StudyGenerics", "StudySctuctures\StudyGenerics.csproj", "{DD5BF96D-D154-4D37-8FB6-116AE40B0387}"
EndProject
Project("{FAE04EC0-301F-11D3-BF4B-00C04F79EFBC}") = "StudyExcel", "StudyExcel\StudyExcel.csproj", "{A1DDC6B3-243E-4083-8CC0-1A331258F596}"
EndProject
Global
	GlobalSection(SolutionConfigurationPlatforms) = preSolution
		Debug|Any CPU = Debug|Any CPU
		Release|Any CPU = Release|Any CPU
	EndGlobalSection
	GlobalSection(ProjectConfigurationPlatforms) = postSolution
		{9C3A721A-C530-4F88-AA2D-D2FA2C919B72}.Debug|Any CPU.ActiveCfg = Debug|Any CPU
		{9C3A721A-C530-4F88-AA2D-D2FA2C919B72}.Debug|Any CPU.Build.0 = Debug|Any CPU
		{9C3A721A-C530-4F88-AA2D-D2FA2C919B72}.Release|Any CPU.ActiveCfg = Release|Any CPU
		{9C3A721A-C530-4F88-AA2D-D2FA2C919B72}.Release|Any CPU.Build.0 = Release|Any CPU
		{F3088C08-2A15-4670-9F0B-344611B1A7D0}.Debug|Any CPU.ActiveCfg = Debug|Any CPU
		{F3088C08-2A15-4670-9F0B-344611B1A7D0}.Debug|Any CPU.Build.0 = Debug|Any CPU
		{F3088C08-2A15-4670-9F0B-344611B1A7D0}.Release|Any CPU.ActiveCfg = Release|Any CPU
		{F3088C08-2A15-4670-9F0B-344611B1A7D0}.Release|Any CPU.Build.0 = Release|Any CPU
		{F39CE9D9-7707-42F6-81E0-F54F8CA444DB}.Debug|Any CPU.ActiveCfg = Debug|Any CPU
		{F39CE9D9-7707-42F6-81E0-F54F8CA444DB}.Debug|Any CPU.Build.0 = Debug|Any CPU
		{F39CE9D9-7707-42F6-81E0-F54F8CA444DB}.Release|Any CPU.ActiveCfg = Release|Any CPU
		{F39CE9D9-7707-42F6-81E0-F54F8CA444DB}.Release|Any CPU.Build.0 = Release|Any CPU
		{1E02F05C-7D47-4378-8788-EDDBC0B15F09}.Debug|Any CPU.ActiveCfg = Debug|Any CPU
		{1E02F05C-7D47-4378-8788-EDDBC0B15F09}.Debug|Any CPU.Build.0 = Debug|Any CPU
		{1E02F05C-7D47-4378-8788-EDDBC0B15F09}.Release|Any CPU.ActiveCfg = Release|Any CPU
		{1E02F05C-7D47-4378-8788-EDDBC0B15F09}.Release|Any CPU.Build.0 = Release|Any CPU
		{7E860279-8C0A-45A4-B039-1F1E9A6B8404}.Debug|Any CPU.ActiveCfg = Debug|Any CPU
		{7E860279-8C0A-45A4-B039-1F1E9A6B8404}.Debug|Any CPU.Build.0 = Debug|Any CPU
		{7E860279-8C0A-45A4-B039-1F1E9A6B8404}.Release|Any CPU.ActiveCfg = Release|Any CPU
		{7E860279-8C0A-45A4-B039-1F1E9A6B8404}.Release|Any CPU.Build.0 = Release|Any CPU
		{8065BACB-A768-47EA-AB7B-FA05CAEEA2DE}.Debug|Any CPU.ActiveCfg = Debug|Any CPU
		{8065BACB-A768-47EA-AB7B-FA05CAEEA2DE}.Debug|Any CPU.Build.0 = Debug|Any CPU
		{8065BACB-A768-47EA-AB7B-FA05CAEEA2DE}.Release|Any CPU.ActiveCfg = Release|Any CPU
		{8065BACB-A768-47EA-AB7B-FA05CAEEA2DE}.Release|Any CPU.Build.0 = Release|Any CPU
		{B9DCE80C-C09A-4421-A124-369824D73E27}.Debug|Any CPU.ActiveCfg = Debug|Any CPU
		{B9DCE80C-C09A-4421-A124-369824D73E27}.Debug|Any CPU.Build.0 = Debug|Any CPU
		{B9DCE80C-C09A-4421-A124-369824D73E27}.Release|Any CPU.ActiveCfg = Release|Any CPU
		{B9DCE80C-C09A-4421-A124-369824D73E27}.Release|Any CPU.Build.0 = Release|Any CPU
		{0B89E156-F98B-48D3-B36A-0B5E5AFC822C}.Debug|Any CPU.ActiveCfg = Debug|Any CPU
		{0B89E156-F98B-48D3-B36A-0B5E5AFC822C}.Debug|Any CPU.Build.0 = Debug|Any CPU
		{0B89E156-F98B-48D3-B36A-0B5E5AFC822C}.Release|Any CPU.ActiveCfg = Release|Any CPU
		{0B89E156-F98B-48D3-B36A-0B5E5AFC822C}.Release|Any CPU.Build.0 = Release|Any CPU
		{74C4A05F-6B2F-4514-9CC6-8204168E9B24}.Debug|Any CPU.ActiveCfg = Debug|Any CPU
		{74C4A05F-6B2F-4514-9CC6-8204168E9B24}.Debug|Any CPU.Build.0 = Debug|Any CPU
		{74C4A05F-6B2F-4514-9CC6-8204168E9B24}.Release|Any CPU.ActiveCfg = Release|Any CPU
		{74C4A05F-6B2F-4514-9CC6-8204168E9B24}.Release|Any CPU.Build.0 = Release|Any CPU
		{87636EAA-D5D2-44E4-9AA2-2FF8E8AC573F}.Debug|Any CPU.ActiveCfg = Debug|Any CPU
		{87636EAA-D5D2-44E4-9AA2-2FF8E8AC573F}.Debug|Any CPU.Build.0 = Debug|Any CPU
		{87636EAA-D5D2-44E4-9AA2-2FF8E8AC573F}.Release|Any CPU.ActiveCfg = Release|Any CPU
		{87636EAA-D5D2-44E4-9AA2-2FF8E8AC573F}.Release|Any CPU.Build.0 = Release|Any CPU
		{FC40462B-DAFE-4EEC-AD29-5F754A7576BA}.Debug|Any CPU.ActiveCfg = Debug|Any CPU
		{FC40462B-DAFE-4EEC-AD29-5F754A7576BA}.Debug|Any CPU.Build.0 = Debug|Any CPU
		{FC40462B-DAFE-4EEC-AD29-5F754A7576BA}.Release|Any CPU.ActiveCfg = Release|Any CPU
		{FC40462B-DAFE-4EEC-AD29-5F754A7576BA}.Release|Any CPU.Build.0 = Release|Any CPU
		{DDD28CFD-D0CC-486B-95A9-647D83419AA6}.Debug|Any CPU.ActiveCfg = Debug|Any CPU
		{DDD28CFD-D0CC-486B-95A9-647D83419AA6}.Debug|Any CPU.Build.0 = Debug|Any CPU
		{DDD28CFD-D0CC-486B-95A9-647D83419AA6}.Release|Any CPU.ActiveCfg = Release|Any CPU
		{DDD28CFD-D0CC-486B-95A9-647D83419AA6}.Release|Any CPU.Build.0 = Release|Any CPU
		{0BB114DF-B599-4D1C-B9F2-5E87CE2D15A5}.Debug|Any CPU.ActiveCfg = Debug|Any CPU
		{0BB114DF-B599-4D1C-B9F2-5E87CE2D15A5}.Debug|Any CPU.Build.0 = Debug|Any CPU
		{0BB114DF-B599-4D1C-B9F2-5E87CE2D15A5}.Release|Any CPU.ActiveCfg = Release|Any CPU
		{0BB114DF-B599-4D1C-B9F2-5E87CE2D15A5}.Release|Any CPU.Build.0 = Release|Any CPU
		{DD5BF96D-D154-4D37-8FB6-116AE40B0387}.Debug|Any CPU.ActiveCfg = Debug|Any CPU
		{DD5BF96D-D154-4D37-8FB6-116AE40B0387}.Debug|Any CPU.Build.0 = Debug|Any CPU
		{DD5BF96D-D154-4D37-8FB6-116AE40B0387}.Release|Any CPU.ActiveCfg = Release|Any CPU
		{DD5BF96D-D154-4D37-8FB6-116AE40B0387}.Release|Any CPU.Build.0 = Release|Any CPU
		{A1DDC6B3-243E-4083-8CC0-1A331258F596}.Debug|Any CPU.ActiveCfg = Debug|Any CPU
		{A1DDC6B3-243E-4083-8CC0-1A331258F596}.Debug|Any CPU.Build.0 = Debug|Any CPU
		{A1DDC6B3-243E-4083-8CC0-1A331258F596}.Release|Any CPU.ActiveCfg = Release|Any CPU
		{A1DDC6B3-243E-4083-8CC0-1A331258F596}.Release|Any CPU.Build.0 = Release|Any CPU
	EndGlobalSection
	GlobalSection(SolutionProperties) = preSolution
		HideSolutionNode = FALSE
	EndGlobalSection
	GlobalSection(ExtensibilityGlobals) = postSolution
		SolutionGuid = {AD11C3C8-48E1-4E4D-8ACF-ADBD437B9B4C}
	EndGlobalSection
EndGlobal
